
Microsoft Visual Studio Solution File, Format Version 12.00
# Visual Studio 15
VisualStudioVersion = 15.0.28307.421
MinimumVisualStudioVersion = 10.0.40219.1
Project("{FAE04EC0-301F-11D3-BF4B-00C04F79EFBC}") = "getterAndSetters", "getterAndSetters\getterAndSetters.csproj", "{8E1E8CED-6760-4249-9538-25C4A3657F5D}"
EndProject
Global
	GlobalSection(SolutionConfigurationPlatforms) = preSolution
		Debug|Any CPU = Debug|Any CPU
		Release|Any CPU = Release|Any CPU
	EndGlobalSection
	GlobalSection(ProjectConfigurationPlatforms) = postSolution
		{8E1E8CED-6760-4249-9538-25C4A3657F5D}.Debug|Any CPU.ActiveCfg = Debug|Any CPU
		{8E1E8CED-6760-4249-9538-25C4A3657F5D}.Debug|Any CPU.Build.0 = Debug|Any CPU
		{8E1E8CED-6760-4249-9538-25C4A3657F5D}.Release|Any CPU.ActiveCfg = Release|Any CPU
		{8E1E8CED-6760-4249-9538-25C4A3657F5D}.Release|Any CPU.Build.0 = Release|Any CPU
	EndGlobalSection
	GlobalSection(SolutionProperties) = preSolution
		HideSolutionNode = FALSE
	EndGlobalSection
	GlobalSection(ExtensibilityGlobals) = postSolution
		SolutionGuid = {DDCD4AF9-8EF3-4FF4-8D5C-2374BDD1B879}
	EndGlobalSection
EndGlobal
