
Microsoft Visual Studio Solution File, Format Version 12.00
# Visual Studio 15
VisualStudioVersion = 15.0.28307.421
MinimumVisualStudioVersion = 10.0.40219.1
Project("{FAE04EC0-301F-11D3-BF4B-00C04F79EFBC}") = "staticClassAttributes", "staticClassAttributes\staticClassAttributes.csproj", "{652B5C1B-0A13-42FF-AC3D-D428C1B77654}"
EndProject
Global
	GlobalSection(SolutionConfigurationPlatforms) = preSolution
		Debug|Any CPU = Debug|Any CPU
		Release|Any CPU = Release|Any CPU
	EndGlobalSection
	GlobalSection(ProjectConfigurationPlatforms) = postSolution
		{652B5C1B-0A13-42FF-AC3D-D428C1B77654}.Debug|Any CPU.ActiveCfg = Debug|Any CPU
		{652B5C1B-0A13-42FF-AC3D-D428C1B77654}.Debug|Any CPU.Build.0 = Debug|Any CPU
		{652B5C1B-0A13-42FF-AC3D-D428C1B77654}.Release|Any CPU.ActiveCfg = Release|Any CPU
		{652B5C1B-0A13-42FF-AC3D-D428C1B77654}.Release|Any CPU.Build.0 = Release|Any CPU
	EndGlobalSection
	GlobalSection(SolutionProperties) = preSolution
		HideSolutionNode = FALSE
	EndGlobalSection
	GlobalSection(ExtensibilityGlobals) = postSolution
		SolutionGuid = {841FF9A7-3813-4AC3-A310-5A19037682D7}
	EndGlobalSection
EndGlobal
