
Microsoft Visual Studio Solution File, Format Version 12.00
# Visual Studio 15
VisualStudioVersion = 15.0.28307.421
MinimumVisualStudioVersion = 10.0.40219.1
Project("{FAE04EC0-301F-11D3-BF4B-00C04F79EFBC}") = "userInput", "userInput\userInput.csproj", "{6181CD0B-E251-418F-9898-0DEC02837733}"
EndProject
Global
	GlobalSection(SolutionConfigurationPlatforms) = preSolution
		Debug|Any CPU = Debug|Any CPU
		Release|Any CPU = Release|Any CPU
	EndGlobalSection
	GlobalSection(ProjectConfigurationPlatforms) = postSolution
		{6181CD0B-E251-418F-9898-0DEC02837733}.Debug|Any CPU.ActiveCfg = Debug|Any CPU
		{6181CD0B-E251-418F-9898-0DEC02837733}.Debug|Any CPU.Build.0 = Debug|Any CPU
		{6181CD0B-E251-418F-9898-0DEC02837733}.Release|Any CPU.ActiveCfg = Release|Any CPU
		{6181CD0B-E251-418F-9898-0DEC02837733}.Release|Any CPU.Build.0 = Release|Any CPU
	EndGlobalSection
	GlobalSection(SolutionProperties) = preSolution
		HideSolutionNode = FALSE
	EndGlobalSection
	GlobalSection(ExtensibilityGlobals) = postSolution
		SolutionGuid = {93FCAE3F-633C-42C6-A089-035339E52414}
	EndGlobalSection
EndGlobal
