
Microsoft Visual Studio Solution File, Format Version 12.00
# Visual Studio 15
VisualStudioVersion = 15.0.28307.421
MinimumVisualStudioVersion = 10.0.40219.1
Project("{FAE04EC0-301F-11D3-BF4B-00C04F79EFBC}") = "returnStatements", "returnStatements\returnStatements.csproj", "{A85B3184-24B1-4749-B3CB-F89F36149F72}"
EndProject
Global
	GlobalSection(SolutionConfigurationPlatforms) = preSolution
		Debug|Any CPU = Debug|Any CPU
		Release|Any CPU = Release|Any CPU
	EndGlobalSection
	GlobalSection(ProjectConfigurationPlatforms) = postSolution
		{A85B3184-24B1-4749-B3CB-F89F36149F72}.Debug|Any CPU.ActiveCfg = Debug|Any CPU
		{A85B3184-24B1-4749-B3CB-F89F36149F72}.Debug|Any CPU.Build.0 = Debug|Any CPU
		{A85B3184-24B1-4749-B3CB-F89F36149F72}.Release|Any CPU.ActiveCfg = Release|Any CPU
		{A85B3184-24B1-4749-B3CB-F89F36149F72}.Release|Any CPU.Build.0 = Release|Any CPU
	EndGlobalSection
	GlobalSection(SolutionProperties) = preSolution
		HideSolutionNode = FALSE
	EndGlobalSection
	GlobalSection(ExtensibilityGlobals) = postSolution
		SolutionGuid = {717A7122-84DD-47BA-8626-406601BA5DBC}
	EndGlobalSection
EndGlobal
